{
  "nodes": {
    "nixpkgs": {
      "locked": {
        "lastModified": 1762346464,
        "narHash": "sha256-OexWF9phEDAMkXEkbYfzOLK/ui9ukLcXJW/M4PSyjL8=",
        "owner": "NixOS",
        "repo": "nixpkgs",
        "rev": "36726648473caf76d990501060f1c5e6fb6c04fc",
        "type": "github"
      },
      "original": {
        "owner": "NixOS",
        "repo": "nixpkgs",
        "type": "github"
      }
    },
    "root": {
      "inputs": {
        "nixpkgs": "nixpkgs"
      }
    }
  },
  "root": "root",
  "version": 7
}
