{
  "nodes": {
    "nixpkgs": {
      "locked": {
        "lastModified": 1761934354,
        "narHash": "sha256-7YLvmZu2abvqqoddxYfgeYSa+/KsSZi6wDz2UcYwftY=",
        "owner": "NixOS",
        "repo": "nixpkgs",
        "rev": "22e284b49cbbb62292830f0746a8775153392788",
        "type": "github"
      },
      "original": {
        "owner": "NixOS",
        "repo": "nixpkgs",
        "type": "github"
      }
    },
    "root": {
      "inputs": {
        "nixpkgs": "nixpkgs"
      }
    }
  },
  "root": "root",
  "version": 7
}
